
Microsoft Visual Studio Solution File, Format Version 12.00
# Visual Studio Version 17
VisualStudioVersion = 17.8.34322.80
MinimumVisualStudioVersion = 10.0.40219.1
Project("{9A19103F-16F7-4668-BE54-9A1E7A4F7556}") = "TelegramBot", "TelegramBot\TelegramBot.csproj", "{79F1DB92-647C-4FE9-99EF-07A42F957495}"
EndProject
Project("{FAE04EC0-301F-11D3-BF4B-00C04F79EFBC}") = "TelegramBot.Domain", "TelegramBot.Domain\TelegramBot.Domain.csproj", "{B202FE9A-104F-4B6D-9EC2-AF54F7691CFE}"
EndProject
Project("{FAE04EC0-301F-11D3-BF4B-00C04F79EFBC}") = "TelegramBot.Data", "TelegramBot.Data\TelegramBot.Data.csproj", "{C7ADD762-9946-44C2-A545-A7EDF24C3A79}"
EndProject
Project("{FAE04EC0-301F-11D3-BF4B-00C04F79EFBC}") = "TelegramBot.Service", "TelegramBot.Service\TelegramBot.Service.csproj", "{72D1D5F6-0AD6-4AB5-B2EA-9FFB7DCCF2B1}"
EndProject
Project("{FAE04EC0-301F-11D3-BF4B-00C04F79EFBC}") = "TelegramBot.AdminPanel", "TelegramBot.AdminPanel\TelegramBot.AdminPanel.csproj", "{39077277-8E18-4D48-9839-343FFDF29711}"
EndProject
Global
	GlobalSection(SolutionConfigurationPlatforms) = preSolution
		Debug|Any CPU = Debug|Any CPU
		Release|Any CPU = Release|Any CPU
	EndGlobalSection
	GlobalSection(ProjectConfigurationPlatforms) = postSolution
		{79F1DB92-647C-4FE9-99EF-07A42F957495}.Debug|Any CPU.ActiveCfg = Debug|Any CPU
		{79F1DB92-647C-4FE9-99EF-07A42F957495}.Debug|Any CPU.Build.0 = Debug|Any CPU
		{79F1DB92-647C-4FE9-99EF-07A42F957495}.Release|Any CPU.ActiveCfg = Release|Any CPU
		{79F1DB92-647C-4FE9-99EF-07A42F957495}.Release|Any CPU.Build.0 = Release|Any CPU
		{B202FE9A-104F-4B6D-9EC2-AF54F7691CFE}.Debug|Any CPU.ActiveCfg = Debug|Any CPU
		{B202FE9A-104F-4B6D-9EC2-AF54F7691CFE}.Debug|Any CPU.Build.0 = Debug|Any CPU
		{B202FE9A-104F-4B6D-9EC2-AF54F7691CFE}.Release|Any CPU.ActiveCfg = Release|Any CPU
		{B202FE9A-104F-4B6D-9EC2-AF54F7691CFE}.Release|Any CPU.Build.0 = Release|Any CPU
		{C7ADD762-9946-44C2-A545-A7EDF24C3A79}.Debug|Any CPU.ActiveCfg = Debug|Any CPU
		{C7ADD762-9946-44C2-A545-A7EDF24C3A79}.Debug|Any CPU.Build.0 = Debug|Any CPU
		{C7ADD762-9946-44C2-A545-A7EDF24C3A79}.Release|Any CPU.ActiveCfg = Release|Any CPU
		{C7ADD762-9946-44C2-A545-A7EDF24C3A79}.Release|Any CPU.Build.0 = Release|Any CPU
		{72D1D5F6-0AD6-4AB5-B2EA-9FFB7DCCF2B1}.Debug|Any CPU.ActiveCfg = Debug|Any CPU
		{72D1D5F6-0AD6-4AB5-B2EA-9FFB7DCCF2B1}.Debug|Any CPU.Build.0 = Debug|Any CPU
		{72D1D5F6-0AD6-4AB5-B2EA-9FFB7DCCF2B1}.Release|Any CPU.ActiveCfg = Release|Any CPU
		{72D1D5F6-0AD6-4AB5-B2EA-9FFB7DCCF2B1}.Release|Any CPU.Build.0 = Release|Any CPU
		{39077277-8E18-4D48-9839-343FFDF29711}.Debug|Any CPU.ActiveCfg = Debug|Any CPU
		{39077277-8E18-4D48-9839-343FFDF29711}.Debug|Any CPU.Build.0 = Debug|Any CPU
		{39077277-8E18-4D48-9839-343FFDF29711}.Release|Any CPU.ActiveCfg = Release|Any CPU
		{39077277-8E18-4D48-9839-343FFDF29711}.Release|Any CPU.Build.0 = Release|Any CPU
	EndGlobalSection
	GlobalSection(SolutionProperties) = preSolution
		HideSolutionNode = FALSE
	EndGlobalSection
	GlobalSection(ExtensibilityGlobals) = postSolution
		SolutionGuid = {5CB2AC1D-9988-4CA8-B178-8E117BBA46BD}
	EndGlobalSection
EndGlobal
